
Microsoft Visual Studio Solution File, Format Version 12.00
# Visual Studio Version 17
VisualStudioVersion = 17.10.34928.147
MinimumVisualStudioVersion = 10.0.40219.1
Project("{FAE04EC0-301F-11D3-BF4B-00C04F79EFBC}") = "LoadingIndicators.WPF", "LoadingIndicators.WPF\LoadingIndicators.WPF.csproj", "{B1E249CA-F44B-4B69-9928-B94AD3C7DDDB}"
EndProject
Global
	GlobalSection(SolutionConfigurationPlatforms) = preSolution
		Debug|Any CPU = Debug|Any CPU
		Release|Any CPU = Release|Any CPU
	EndGlobalSection
	GlobalSection(ProjectConfigurationPlatforms) = postSolution
		{B1E249CA-F44B-4B69-9928-B94AD3C7DDDB}.Debug|Any CPU.ActiveCfg = Debug|Any CPU
		{B1E249CA-F44B-4B69-9928-B94AD3C7DDDB}.Debug|Any CPU.Build.0 = Debug|Any CPU
		{B1E249CA-F44B-4B69-9928-B94AD3C7DDDB}.Release|Any CPU.ActiveCfg = Release|Any CPU
		{B1E249CA-F44B-4B69-9928-B94AD3C7DDDB}.Release|Any CPU.Build.0 = Release|Any CPU
	EndGlobalSection
	GlobalSection(SolutionProperties) = preSolution
		HideSolutionNode = FALSE
	EndGlobalSection
	GlobalSection(ExtensibilityGlobals) = postSolution
		SolutionGuid = {F41C319E-6449-4E71-BDA0-3F3629E85B6C}
	EndGlobalSection
EndGlobal
